
Microsoft Visual Studio Solution File, Format Version 12.00
# Visual Studio Version 17
VisualStudioVersion = 17.10.34916.146
MinimumVisualStudioVersion = 10.0.40219.1
Project("{FAE04EC0-301F-11D3-BF4B-00C04F79EFBC}") = "web-api", "web-api\web-api.csproj", "{180D2C49-0B96-4304-B118-0CA149C1EACF}"
EndProject
Global
	GlobalSection(SolutionConfigurationPlatforms) = preSolution
		Debug|Any CPU = Debug|Any CPU
		Release|Any CPU = Release|Any CPU
	EndGlobalSection
	GlobalSection(ProjectConfigurationPlatforms) = postSolution
		{180D2C49-0B96-4304-B118-0CA149C1EACF}.Debug|Any CPU.ActiveCfg = Debug|Any CPU
		{180D2C49-0B96-4304-B118-0CA149C1EACF}.Debug|Any CPU.Build.0 = Debug|Any CPU
		{180D2C49-0B96-4304-B118-0CA149C1EACF}.Release|Any CPU.ActiveCfg = Release|Any CPU
		{180D2C49-0B96-4304-B118-0CA149C1EACF}.Release|Any CPU.Build.0 = Release|Any CPU
	EndGlobalSection
	GlobalSection(SolutionProperties) = preSolution
		HideSolutionNode = FALSE
	EndGlobalSection
	GlobalSection(ExtensibilityGlobals) = postSolution
		SolutionGuid = {0CBE1A1E-DBC4-4BB2-8287-D5900CB80BE9}
	EndGlobalSection
EndGlobal
